
Microsoft Visual Studio Solution File, Format Version 12.00
# Visual Studio Version 17
VisualStudioVersion = 17.0.32014.148
MinimumVisualStudioVersion = 10.0.40219.1
Project("{FAE04EC0-301F-11D3-BF4B-00C04F79EFBC}") = "diverseProjects", "diverseProjects\diverseProjects.csproj", "{CC1F138E-7B60-4F56-8061-E3A8A70DB9BC}"
EndProject
Global
	GlobalSection(SolutionConfigurationPlatforms) = preSolution
		Debug|Any CPU = Debug|Any CPU
		Release|Any CPU = Release|Any CPU
	EndGlobalSection
	GlobalSection(ProjectConfigurationPlatforms) = postSolution
		{CC1F138E-7B60-4F56-8061-E3A8A70DB9BC}.Debug|Any CPU.ActiveCfg = Debug|Any CPU
		{CC1F138E-7B60-4F56-8061-E3A8A70DB9BC}.Debug|Any CPU.Build.0 = Debug|Any CPU
		{CC1F138E-7B60-4F56-8061-E3A8A70DB9BC}.Release|Any CPU.ActiveCfg = Release|Any CPU
		{CC1F138E-7B60-4F56-8061-E3A8A70DB9BC}.Release|Any CPU.Build.0 = Release|Any CPU
	EndGlobalSection
	GlobalSection(SolutionProperties) = preSolution
		HideSolutionNode = FALSE
	EndGlobalSection
	GlobalSection(ExtensibilityGlobals) = postSolution
		SolutionGuid = {F9881ECC-E5EC-4B94-8CC2-4F4C94BF4613}
	EndGlobalSection
EndGlobal
